
Microsoft Visual Studio Solution File, Format Version 12.00
# Visual Studio Version 17
VisualStudioVersion = 17.2.32602.215
MinimumVisualStudioVersion = 10.0.40219.1
Project("{FAE04EC0-301F-11D3-BF4B-00C04F79EFBC}") = "WebApiBoraLa", "WebApiBoraLa\WebApiBoraLa.csproj", "{43F19F35-38EE-450D-B10A-E36D35E07D8B}"
EndProject
Global
	GlobalSection(SolutionConfigurationPlatforms) = preSolution
		Debug|Any CPU = Debug|Any CPU
		Release|Any CPU = Release|Any CPU
	EndGlobalSection
	GlobalSection(ProjectConfigurationPlatforms) = postSolution
		{43F19F35-38EE-450D-B10A-E36D35E07D8B}.Debug|Any CPU.ActiveCfg = Debug|Any CPU
		{43F19F35-38EE-450D-B10A-E36D35E07D8B}.Debug|Any CPU.Build.0 = Debug|Any CPU
		{43F19F35-38EE-450D-B10A-E36D35E07D8B}.Release|Any CPU.ActiveCfg = Release|Any CPU
		{43F19F35-38EE-450D-B10A-E36D35E07D8B}.Release|Any CPU.Build.0 = Release|Any CPU
	EndGlobalSection
	GlobalSection(SolutionProperties) = preSolution
		HideSolutionNode = FALSE
	EndGlobalSection
	GlobalSection(ExtensibilityGlobals) = postSolution
		SolutionGuid = {92555A68-68FE-4751-9C3D-1980FB64F974}
	EndGlobalSection
EndGlobal
